
Microsoft Visual Studio Solution File, Format Version 12.00
# Visual Studio 2012
Project("{FAE04EC0-301F-11D3-BF4B-00C04F79EFBC}") = "GitDir", "GitDir.csproj", "{CCC19934-2B62-41F5-85A2-BBF363A009C1}"
EndProject
Global
	GlobalSection(SolutionConfigurationPlatforms) = preSolution
		Debug|Any CPU = Debug|Any CPU
		Release|Any CPU = Release|Any CPU
	EndGlobalSection
	GlobalSection(ProjectConfigurationPlatforms) = postSolution
		{CCC19934-2B62-41F5-85A2-BBF363A009C1}.Debug|Any CPU.ActiveCfg = Debug|Any CPU
		{CCC19934-2B62-41F5-85A2-BBF363A009C1}.Debug|Any CPU.Build.0 = Debug|Any CPU
		{CCC19934-2B62-41F5-85A2-BBF363A009C1}.Release|Any CPU.ActiveCfg = Release|Any CPU
		{CCC19934-2B62-41F5-85A2-BBF363A009C1}.Release|Any CPU.Build.0 = Release|Any CPU
	EndGlobalSection
	GlobalSection(SolutionProperties) = preSolution
		HideSolutionNode = FALSE
	EndGlobalSection
EndGlobal
